// !$*UTF8*$!
{
	archiveVersion = 1;
	classes = {
	};
	objectVersion = 48;
	objects = {

/* Begin PBXBuildFile section */
		1998FBC14963875A76D33527 /* Pods_PCybernetics.framework in Frameworks */ = {isa = PBXBuildFile; fileRef = 22EB5EE004FD7B327938357F /* Pods_PCybernetics.framework */; };
		F75427052054C7A4002BEB45 /* AppDelegate.swift in Sources */ = {isa = PBXBuildFile; fileRef = F75427042054C7A4002BEB45 /* AppDelegate.swift */; };
		F754270C2054C7A4002BEB45 /* Main.storyboard in Resources */ = {isa = PBXBuildFile; fileRef = F754270A2054C7A4002BEB45 /* Main.storyboard */; };
		F754270E2054C7A4002BEB45 /* Assets.xcassets in Resources */ = {isa = PBXBuildFile; fileRef = F754270D2054C7A4002BEB45 /* Assets.xcassets */; };
		F75427112054C7A4002BEB45 /* LaunchScreen.storyboard in Resources */ = {isa = PBXBuildFile; fileRef = F754270F2054C7A4002BEB45 /* LaunchScreen.storyboard */; };
		F754271C2054C859002BEB45 /* LogInViewController.swift in Sources */ = {isa = PBXBuildFile; fileRef = F754271B2054C859002BEB45 /* LogInViewController.swift */; };
		F754271E2054C866002BEB45 /* DonateViewController.swift in Sources */ = {isa = PBXBuildFile; fileRef = F754271D2054C866002BEB45 /* DonateViewController.swift */; };
		F75427202054C87A002BEB45 /* PurchaseViewController.swift in Sources */ = {isa = PBXBuildFile; fileRef = F754271F2054C87A002BEB45 /* PurchaseViewController.swift */; };
		F75427222054C88C002BEB45 /* SettingsViewController.swift in Sources */ = {isa = PBXBuildFile; fileRef = F75427212054C88C002BEB45 /* SettingsViewController.swift */; };
		F75427282054DA95002BEB45 /* shirt.png in Resources */ = {isa = PBXBuildFile; fileRef = F75427272054DA95002BEB45 /* shirt.png */; };
		F754272B2054DB47002BEB45 /* box.png in Resources */ = {isa = PBXBuildFile; fileRef = F754272A2054DB47002BEB45 /* box.png */; };
		F754272F2054E36A002BEB45 /* UserDefaultsController.swift in Sources */ = {isa = PBXBuildFile; fileRef = F754272E2054E36A002BEB45 /* UserDefaultsController.swift */; };
		F75427322054EFA6002BEB45 /* ClothingItem.swift in Sources */ = {isa = PBXBuildFile; fileRef = F75427312054EFA6002BEB45 /* ClothingItem.swift */; };
		F754273A2054F462002BEB45 /* SplitRow.swift in Sources */ = {isa = PBXBuildFile; fileRef = F75427342054F462002BEB45 /* SplitRow.swift */; };
		F754273B2054F462002BEB45 /* SplitRowCell.swift in Sources */ = {isa = PBXBuildFile; fileRef = F75427352054F462002BEB45 /* SplitRowCell.swift */; };
		F754273C2054F462002BEB45 /* SplitRowCellTableView.swift in Sources */ = {isa = PBXBuildFile; fileRef = F75427362054F462002BEB45 /* SplitRowCellTableView.swift */; };
		F754273D2054F462002BEB45 /* SplitRowValue.swift in Sources */ = {isa = PBXBuildFile; fileRef = F75427372054F462002BEB45 /* SplitRowValue.swift */; };
		F75427412055056B002BEB45 /* MyItemsViewController.swift in Sources */ = {isa = PBXBuildFile; fileRef = F75427402055056B002BEB45 /* MyItemsViewController.swift */; };
		F75427432055093E002BEB45 /* MyItemsViewController_TableView.swift in Sources */ = {isa = PBXBuildFile; fileRef = F75427422055093E002BEB45 /* MyItemsViewController_TableView.swift */; };
		F754274520550971002BEB45 /* ClothingItemTableViewCell.swift in Sources */ = {isa = PBXBuildFile; fileRef = F754274420550971002BEB45 /* ClothingItemTableViewCell.swift */; };
		F75B0BB1205530A200426A42 /* cashRegister.png in Resources */ = {isa = PBXBuildFile; fileRef = F75B0BAF205530A000426A42 /* cashRegister.png */; };
		F75B0BB2205530A200426A42 /* cashRegister@2x.png in Resources */ = {isa = PBXBuildFile; fileRef = F75B0BB0205530A100426A42 /* cashRegister@2x.png */; };
		F75B0BB52055316400426A42 /* donate.png in Resources */ = {isa = PBXBuildFile; fileRef = F75B0BB32055316300426A42 /* donate.png */; };
		F75B0BB62055316400426A42 /* donate@2x.png in Resources */ = {isa = PBXBuildFile; fileRef = F75B0BB42055316400426A42 /* donate@2x.png */; };
		F75B0BB9205531BC00426A42 /* settings@2x.png in Resources */ = {isa = PBXBuildFile; fileRef = F75B0BB7205531BC00426A42 /* settings@2x.png */; };
		F75B0BBA205531BC00426A42 /* settings.png in Resources */ = {isa = PBXBuildFile; fileRef = F75B0BB8205531BC00426A42 /* settings.png */; };
		F75B0BBC2055325800426A42 /* ClothingItemController.swift in Sources */ = {isa = PBXBuildFile; fileRef = F75B0BBB2055325800426A42 /* ClothingItemController.swift */; };
		F75B0BBF2055390E00426A42 /* FilterViewController.swift in Sources */ = {isa = PBXBuildFile; fileRef = F75B0BBE2055390E00426A42 /* FilterViewController.swift */; };
		F75B0BC120553AF700426A42 /* ShippoController.swift in Sources */ = {isa = PBXBuildFile; fileRef = F75B0BC020553AF700426A42 /* ShippoController.swift */; };
/* End PBXBuildFile section */

/* Begin PBXFileReference section */
		22EB5EE004FD7B327938357F /* Pods_PCybernetics.framework */ = {isa = PBXFileReference; explicitFileType = wrapper.framework; includeInIndex = 0; path = Pods_PCybernetics.framework; sourceTree = BUILT_PRODUCTS_DIR; };
		A78103F08F27F08F3821E7D7 /* Pods-PCybernetics.debug.xcconfig */ = {isa = PBXFileReference; includeInIndex = 1; lastKnownFileType = text.xcconfig; name = "Pods-PCybernetics.debug.xcconfig"; path = "Pods/Target Support Files/Pods-PCybernetics/Pods-PCybernetics.debug.xcconfig"; sourceTree = "<group>"; };
		CFFCFDC8C7661C8AC9435F52 /* Pods-PCybernetics.release.xcconfig */ = {isa = PBXFileReference; includeInIndex = 1; lastKnownFileType = text.xcconfig; name = "Pods-PCybernetics.release.xcconfig"; path = "Pods/Target Support Files/Pods-PCybernetics/Pods-PCybernetics.release.xcconfig"; sourceTree = "<group>"; };
		F75427012054C7A4002BEB45 /* PCybernetics.app */ = {isa = PBXFileReference; explicitFileType = wrapper.application; includeInIndex = 0; path = PCybernetics.app; sourceTree = BUILT_PRODUCTS_DIR; };
		F75427042054C7A4002BEB45 /* AppDelegate.swift */ = {isa = PBXFileReference; lastKnownFileType = sourcecode.swift; path = AppDelegate.swift; sourceTree = "<group>"; };
		F754270B2054C7A4002BEB45 /* Base */ = {isa = PBXFileReference; lastKnownFileType = file.storyboard; name = Base; path = Base.lproj/Main.storyboard; sourceTree = "<group>"; };
		F754270D2054C7A4002BEB45 /* Assets.xcassets */ = {isa = PBXFileReference; lastKnownFileType = folder.assetcatalog; path = Assets.xcassets; sourceTree = "<group>"; };
		F75427102054C7A4002BEB45 /* Base */ = {isa = PBXFileReference; lastKnownFileType = file.storyboard; name = Base; path = Base.lproj/LaunchScreen.storyboard; sourceTree = "<group>"; };
		F75427122054C7A4002BEB45 /* Info.plist */ = {isa = PBXFileReference; lastKnownFileType = text.plist.xml; path = Info.plist; sourceTree = "<group>"; };
		F754271B2054C859002BEB45 /* LogInViewController.swift */ = {isa = PBXFileReference; lastKnownFileType = sourcecode.swift; path = LogInViewController.swift; sourceTree = "<group>"; };
		F754271D2054C866002BEB45 /* DonateViewController.swift */ = {isa = PBXFileReference; lastKnownFileType = sourcecode.swift; path = DonateViewController.swift; sourceTree = "<group>"; };
		F754271F2054C87A002BEB45 /* PurchaseViewController.swift */ = {isa = PBXFileReference; lastKnownFileType = sourcecode.swift; path = PurchaseViewController.swift; sourceTree = "<group>"; };
		F75427212054C88C002BEB45 /* SettingsViewController.swift */ = {isa = PBXFileReference; lastKnownFileType = sourcecode.swift; path = SettingsViewController.swift; sourceTree = "<group>"; };
		F75427272054DA95002BEB45 /* shirt.png */ = {isa = PBXFileReference; lastKnownFileType = image.png; path = shirt.png; sourceTree = "<group>"; };
		F754272A2054DB47002BEB45 /* box.png */ = {isa = PBXFileReference; lastKnownFileType = image.png; path = box.png; sourceTree = "<group>"; };
		F754272E2054E36A002BEB45 /* UserDefaultsController.swift */ = {isa = PBXFileReference; lastKnownFileType = sourcecode.swift; path = UserDefaultsController.swift; sourceTree = "<group>"; };
		F75427312054EFA6002BEB45 /* ClothingItem.swift */ = {isa = PBXFileReference; lastKnownFileType = sourcecode.swift; path = ClothingItem.swift; sourceTree = "<group>"; };
		F75427342054F462002BEB45 /* SplitRow.swift */ = {isa = PBXFileReference; fileEncoding = 4; lastKnownFileType = sourcecode.swift; path = SplitRow.swift; sourceTree = "<group>"; };
		F75427352054F462002BEB45 /* SplitRowCell.swift */ = {isa = PBXFileReference; fileEncoding = 4; lastKnownFileType = sourcecode.swift; path = SplitRowCell.swift; sourceTree = "<group>"; };
		F75427362054F462002BEB45 /* SplitRowCellTableView.swift */ = {isa = PBXFileReference; fileEncoding = 4; lastKnownFileType = sourcecode.swift; path = SplitRowCellTableView.swift; sourceTree = "<group>"; };
		F75427372054F462002BEB45 /* SplitRowValue.swift */ = {isa = PBXFileReference; fileEncoding = 4; lastKnownFileType = sourcecode.swift; path = SplitRowValue.swift; sourceTree = "<group>"; };
		F75427402055056B002BEB45 /* MyItemsViewController.swift */ = {isa = PBXFileReference; lastKnownFileType = sourcecode.swift; path = MyItemsViewController.swift; sourceTree = "<group>"; };
		F75427422055093E002BEB45 /* MyItemsViewController_TableView.swift */ = {isa = PBXFileReference; lastKnownFileType = sourcecode.swift; path = MyItemsViewController_TableView.swift; sourceTree = "<group>"; };
		F754274420550971002BEB45 /* ClothingItemTableViewCell.swift */ = {isa = PBXFileReference; lastKnownFileType = sourcecode.swift; path = ClothingItemTableViewCell.swift; sourceTree = "<group>"; };
		F75B0BAF205530A000426A42 /* cashRegister.png */ = {isa = PBXFileReference; lastKnownFileType = image.png; path = cashRegister.png; sourceTree = "<group>"; };
		F75B0BB0205530A100426A42 /* cashRegister@2x.png */ = {isa = PBXFileReference; lastKnownFileType = image.png; path = "cashRegister@2x.png"; sourceTree = "<group>"; };
		F75B0BB32055316300426A42 /* donate.png */ = {isa = PBXFileReference; lastKnownFileType = image.png; path = donate.png; sourceTree = "<group>"; };
		F75B0BB42055316400426A42 /* donate@2x.png */ = {isa = PBXFileReference; lastKnownFileType = image.png; path = "donate@2x.png"; sourceTree = "<group>"; };
		F75B0BB7205531BC00426A42 /* settings@2x.png */ = {isa = PBXFileReference; lastKnownFileType = image.png; path = "settings@2x.png"; sourceTree = "<group>"; };
		F75B0BB8205531BC00426A42 /* settings.png */ = {isa = PBXFileReference; lastKnownFileType = image.png; path = settings.png; sourceTree = "<group>"; };
		F75B0BBB2055325800426A42 /* ClothingItemController.swift */ = {isa = PBXFileReference; lastKnownFileType = sourcecode.swift; path = ClothingItemController.swift; sourceTree = "<group>"; };
		F75B0BBE2055390E00426A42 /* FilterViewController.swift */ = {isa = PBXFileReference; lastKnownFileType = sourcecode.swift; path = FilterViewController.swift; sourceTree = "<group>"; };
		F75B0BC020553AF700426A42 /* ShippoController.swift */ = {isa = PBXFileReference; lastKnownFileType = sourcecode.swift; path = ShippoController.swift; sourceTree = "<group>"; };
/* End PBXFileReference section */

/* Begin PBXFrameworksBuildPhase section */
		F75426FE2054C7A4002BEB45 /* Frameworks */ = {
			isa = PBXFrameworksBuildPhase;
			buildActionMask = 2147483647;
			files = (
				1998FBC14963875A76D33527 /* Pods_PCybernetics.framework in Frameworks */,
			);
			runOnlyForDeploymentPostprocessing = 0;
		};
/* End PBXFrameworksBuildPhase section */

/* Begin PBXGroup section */
		1AD560E21B72A119C72B9726 /* Pods */ = {
			isa = PBXGroup;
			children = (
				A78103F08F27F08F3821E7D7 /* Pods-PCybernetics.debug.xcconfig */,
				CFFCFDC8C7661C8AC9435F52 /* Pods-PCybernetics.release.xcconfig */,
			);
			name = Pods;
			sourceTree = "<group>";
		};
		B9D9ED3FC4D2E9254F6E67CD /* Frameworks */ = {
			isa = PBXGroup;
			children = (
				22EB5EE004FD7B327938357F /* Pods_PCybernetics.framework */,
			);
			name = Frameworks;
			sourceTree = "<group>";
		};
		F75426F82054C7A3002BEB45 = {
			isa = PBXGroup;
			children = (
				F75427032054C7A4002BEB45 /* PCybernetics */,
				F75427022054C7A4002BEB45 /* Products */,
				1AD560E21B72A119C72B9726 /* Pods */,
				B9D9ED3FC4D2E9254F6E67CD /* Frameworks */,
			);
			sourceTree = "<group>";
		};
		F75427022054C7A4002BEB45 /* Products */ = {
			isa = PBXGroup;
			children = (
				F75427012054C7A4002BEB45 /* PCybernetics.app */,
			);
			name = Products;
			sourceTree = "<group>";
		};
		F75427032054C7A4002BEB45 /* PCybernetics */ = {
			isa = PBXGroup;
			children = (
				F75427302054EF9D002BEB45 /* Models */,
				F754272D2054E355002BEB45 /* Controllers */,
				F754272C2054DC67002BEB45 /* Custom Views */,
				F75427182054C7F7002BEB45 /* View Controllers */,
				F754271A2054C819002BEB45 /* Views */,
				F75427192054C80A002BEB45 /* Assets */,
			);
			path = PCybernetics;
			sourceTree = "<group>";
		};
		F75427182054C7F7002BEB45 /* View Controllers */ = {
			isa = PBXGroup;
			children = (
				F754273F20550558002BEB45 /* My Items */,
				F75427262054D88E002BEB45 /* Log In */,
				F75427252054D088002BEB45 /* Settings */,
				F75427242054D073002BEB45 /* Puchase */,
				F75427232054CFD3002BEB45 /* Donate */,
			);
			path = "View Controllers";
			sourceTree = "<group>";
		};
		F75427192054C80A002BEB45 /* Assets */ = {
			isa = PBXGroup;
			children = (
				F75427332054F462002BEB45 /* SplitRow */,
				F75427292054DA99002BEB45 /* Images */,
				F754270D2054C7A4002BEB45 /* Assets.xcassets */,
				F75427042054C7A4002BEB45 /* AppDelegate.swift */,
				F75427122054C7A4002BEB45 /* Info.plist */,
			);
			path = Assets;
			sourceTree = "<group>";
		};
		F754271A2054C819002BEB45 /* Views */ = {
			isa = PBXGroup;
			children = (
				F754270A2054C7A4002BEB45 /* Main.storyboard */,
				F754270F2054C7A4002BEB45 /* LaunchScreen.storyboard */,
			);
			path = Views;
			sourceTree = "<group>";
		};
		F75427232054CFD3002BEB45 /* Donate */ = {
			isa = PBXGroup;
			children = (
				F754271D2054C866002BEB45 /* DonateViewController.swift */,
			);
			path = Donate;
			sourceTree = "<group>";
		};
		F75427242054D073002BEB45 /* Puchase */ = {
			isa = PBXGroup;
			children = (
				F75B0BBD205538FA00426A42 /* Filter View Controller */,
				F754271F2054C87A002BEB45 /* PurchaseViewController.swift */,
			);
			path = Puchase;
			sourceTree = "<group>";
		};
		F75427252054D088002BEB45 /* Settings */ = {
			isa = PBXGroup;
			children = (
				F75427212054C88C002BEB45 /* SettingsViewController.swift */,
			);
			path = Settings;
			sourceTree = "<group>";
		};
		F75427262054D88E002BEB45 /* Log In */ = {
			isa = PBXGroup;
			children = (
				F754271B2054C859002BEB45 /* LogInViewController.swift */,
			);
			path = "Log In";
			sourceTree = "<group>";
		};
		F75427292054DA99002BEB45 /* Images */ = {
			isa = PBXGroup;
			children = (
				F75B0BB8205531BC00426A42 /* settings.png */,
				F75B0BB7205531BC00426A42 /* settings@2x.png */,
				F75B0BB32055316300426A42 /* donate.png */,
				F75B0BB42055316400426A42 /* donate@2x.png */,
				F75B0BAF205530A000426A42 /* cashRegister.png */,
				F75B0BB0205530A100426A42 /* cashRegister@2x.png */,
				F75427272054DA95002BEB45 /* shirt.png */,
				F754272A2054DB47002BEB45 /* box.png */,
			);
			path = Images;
			sourceTree = "<group>";
		};
		F754272C2054DC67002BEB45 /* Custom Views */ = {
			isa = PBXGroup;
			children = (
				F754274420550971002BEB45 /* ClothingItemTableViewCell.swift */,
			);
			path = "Custom Views";
			sourceTree = "<group>";
		};
		F754272D2054E355002BEB45 /* Controllers */ = {
			isa = PBXGroup;
			children = (
				F754272E2054E36A002BEB45 /* UserDefaultsController.swift */,
				F75B0BBB2055325800426A42 /* ClothingItemController.swift */,
				F75B0BC020553AF700426A42 /* ShippoController.swift */,
			);
			path = Controllers;
			sourceTree = "<group>";
		};
		F75427302054EF9D002BEB45 /* Models */ = {
			isa = PBXGroup;
			children = (
				F75427312054EFA6002BEB45 /* ClothingItem.swift */,
			);
			path = Models;
			sourceTree = "<group>";
		};
		F75427332054F462002BEB45 /* SplitRow */ = {
			isa = PBXGroup;
			children = (
				F75427342054F462002BEB45 /* SplitRow.swift */,
				F75427352054F462002BEB45 /* SplitRowCell.swift */,
				F75427362054F462002BEB45 /* SplitRowCellTableView.swift */,
				F75427372054F462002BEB45 /* SplitRowValue.swift */,
			);
			path = SplitRow;
			sourceTree = "<group>";
		};
		F754273F20550558002BEB45 /* My Items */ = {
			isa = PBXGroup;
			children = (
				F75427402055056B002BEB45 /* MyItemsViewController.swift */,
				F75427422055093E002BEB45 /* MyItemsViewController_TableView.swift */,
			);
			path = "My Items";
			sourceTree = "<group>";
		};
		F75B0BBD205538FA00426A42 /* Filter View Controller */ = {
			isa = PBXGroup;
			children = (
				F75B0BBE2055390E00426A42 /* FilterViewController.swift */,
			);
			path = "Filter View Controller";
			sourceTree = "<group>";
		};
/* End PBXGroup section */

/* Begin PBXNativeTarget section */
		F75427002054C7A4002BEB45 /* PCybernetics */ = {
			isa = PBXNativeTarget;
			buildConfigurationList = F75427152054C7A4002BEB45 /* Build configuration list for PBXNativeTarget "PCybernetics" */;
			buildPhases = (
				76547B79267CFF35C0E23367 /* [CP] Check Pods Manifest.lock */,
				F75426FD2054C7A4002BEB45 /* Sources */,
				F75426FE2054C7A4002BEB45 /* Frameworks */,
				F75426FF2054C7A4002BEB45 /* Resources */,
				77C1DD4EF6179A08FFDF63C7 /* [CP] Embed Pods Frameworks */,
				25E64C679B1297166D3A9B7D /* [CP] Copy Pods Resources */,
			);
			buildRules = (
			);
			dependencies = (
			);
			name = PCybernetics;
			productName = PCybernetics;
			productReference = F75427012054C7A4002BEB45 /* PCybernetics.app */;
			productType = "com.apple.product-type.application";
		};
/* End PBXNativeTarget section */

/* Begin PBXProject section */
		F75426F92054C7A3002BEB45 /* Project object */ = {
			isa = PBXProject;
			attributes = {
				LastSwiftUpdateCheck = 0920;
				LastUpgradeCheck = 0930;
				ORGANIZATIONNAME = "Daniel Smith";
				TargetAttributes = {
					F75427002054C7A4002BEB45 = {
						CreatedOnToolsVersion = 9.2;
						ProvisioningStyle = Automatic;
					};
				};
			};
			buildConfigurationList = F75426FC2054C7A3002BEB45 /* Build configuration list for PBXProject "PCybernetics" */;
			compatibilityVersion = "Xcode 8.0";
			developmentRegion = en;
			hasScannedForEncodings = 0;
			knownRegions = (
				en,
				Base,
			);
			mainGroup = F75426F82054C7A3002BEB45;
			productRefGroup = F75427022054C7A4002BEB45 /* Products */;
			projectDirPath = "";
			projectRoot = "";
			targets = (
				F75427002054C7A4002BEB45 /* PCybernetics */,
			);
		};
/* End PBXProject section */

/* Begin PBXResourcesBuildPhase section */
		F75426FF2054C7A4002BEB45 /* Resources */ = {
			isa = PBXResourcesBuildPhase;
			buildActionMask = 2147483647;
			files = (
				F75B0BB52055316400426A42 /* donate.png in Resources */,
				F75B0BB62055316400426A42 /* donate@2x.png in Resources */,
				F75427112054C7A4002BEB45 /* LaunchScreen.storyboard in Resources */,
				F75B0BBA205531BC00426A42 /* settings.png in Resources */,
				F754270E2054C7A4002BEB45 /* Assets.xcassets in Resources */,
				F754272B2054DB47002BEB45 /* box.png in Resources */,
				F75B0BB9205531BC00426A42 /* settings@2x.png in Resources */,
				F75B0BB1205530A200426A42 /* cashRegister.png in Resources */,
				F75B0BB2205530A200426A42 /* cashRegister@2x.png in Resources */,
				F75427282054DA95002BEB45 /* shirt.png in Resources */,
				F754270C2054C7A4002BEB45 /* Main.storyboard in Resources */,
			);
			runOnlyForDeploymentPostprocessing = 0;
		};
/* End PBXResourcesBuildPhase section */

/* Begin PBXShellScriptBuildPhase section */
		25E64C679B1297166D3A9B7D /* [CP] Copy Pods Resources */ = {
			isa = PBXShellScriptBuildPhase;
			buildActionMask = 2147483647;
			files = (
			);
			inputPaths = (
			);
			name = "[CP] Copy Pods Resources";
			outputPaths = (
			);
			runOnlyForDeploymentPostprocessing = 0;
			shellPath = /bin/sh;
			shellScript = "\"${SRCROOT}/Pods/Target Support Files/Pods-PCybernetics/Pods-PCybernetics-resources.sh\"\n";
			showEnvVarsInLog = 0;
		};
		76547B79267CFF35C0E23367 /* [CP] Check Pods Manifest.lock */ = {
			isa = PBXShellScriptBuildPhase;
			buildActionMask = 2147483647;
			files = (
			);
			inputPaths = (
				"${PODS_PODFILE_DIR_PATH}/Podfile.lock",
				"${PODS_ROOT}/Manifest.lock",
			);
			name = "[CP] Check Pods Manifest.lock";
			outputPaths = (
				"$(DERIVED_FILE_DIR)/Pods-PCybernetics-checkManifestLockResult.txt",
			);
			runOnlyForDeploymentPostprocessing = 0;
			shellPath = /bin/sh;
			shellScript = "diff \"${PODS_PODFILE_DIR_PATH}/Podfile.lock\" \"${PODS_ROOT}/Manifest.lock\" > /dev/null\nif [ $? != 0 ] ; then\n    # print error to STDERR\n    echo \"error: The sandbox is not in sync with the Podfile.lock. Run 'pod install' or update your CocoaPods installation.\" >&2\n    exit 1\nfi\n# This output is used by Xcode 'outputs' to avoid re-running this script phase.\necho \"SUCCESS\" > \"${SCRIPT_OUTPUT_FILE_0}\"\n";
			showEnvVarsInLog = 0;
		};
		77C1DD4EF6179A08FFDF63C7 /* [CP] Embed Pods Frameworks */ = {
			isa = PBXShellScriptBuildPhase;
			buildActionMask = 2147483647;
			files = (
			);
			inputPaths = (
				"${SRCROOT}/Pods/Target Support Files/Pods-PCybernetics/Pods-PCybernetics-frameworks.sh",
				"${BUILT_PRODUCTS_DIR}/ColorPickerRow/ColorPickerRow.framework",
				"${BUILT_PRODUCTS_DIR}/Eureka/Eureka.framework",
				"${BUILT_PRODUCTS_DIR}/ImageRow/ImageRow.framework",
				"${BUILT_PRODUCTS_DIR}/UIColor_Hex_Swift/UIColor_Hex_Swift.framework",
			);
			name = "[CP] Embed Pods Frameworks";
			outputPaths = (
				"${TARGET_BUILD_DIR}/${FRAMEWORKS_FOLDER_PATH}/ColorPickerRow.framework",
				"${TARGET_BUILD_DIR}/${FRAMEWORKS_FOLDER_PATH}/Eureka.framework",
				"${TARGET_BUILD_DIR}/${FRAMEWORKS_FOLDER_PATH}/ImageRow.framework",
				"${TARGET_BUILD_DIR}/${FRAMEWORKS_FOLDER_PATH}/UIColor_Hex_Swift.framework",
			);
			runOnlyForDeploymentPostprocessing = 0;
			shellPath = /bin/sh;
			shellScript = "\"${SRCROOT}/Pods/Target Support Files/Pods-PCybernetics/Pods-PCybernetics-frameworks.sh\"\n";
			showEnvVarsInLog = 0;
		};
/* End PBXShellScriptBuildPhase section */

/* Begin PBXSourcesBuildPhase section */
		F75426FD2054C7A4002BEB45 /* Sources */ = {
			isa = PBXSourcesBuildPhase;
			buildActionMask = 2147483647;
			files = (
				F754271C2054C859002BEB45 /* LogInViewController.swift in Sources */,
				F754273C2054F462002BEB45 /* SplitRowCellTableView.swift in Sources */,
				F754274520550971002BEB45 /* ClothingItemTableViewCell.swift in Sources */,
				F75427202054C87A002BEB45 /* PurchaseViewController.swift in Sources */,
				F754271E2054C866002BEB45 /* DonateViewController.swift in Sources */,
				F75B0BBC2055325800426A42 /* ClothingItemController.swift in Sources */,
				F75427222054C88C002BEB45 /* SettingsViewController.swift in Sources */,
				F75427412055056B002BEB45 /* MyItemsViewController.swift in Sources */,
				F754272F2054E36A002BEB45 /* UserDefaultsController.swift in Sources */,
				F754273A2054F462002BEB45 /* SplitRow.swift in Sources */,
				F75B0BBF2055390E00426A42 /* FilterViewController.swift in Sources */,
				F75427052054C7A4002BEB45 /* AppDelegate.swift in Sources */,
				F754273B2054F462002BEB45 /* SplitRowCell.swift in Sources */,
				F75427432055093E002BEB45 /* MyItemsViewController_TableView.swift in Sources */,
				F75427322054EFA6002BEB45 /* ClothingItem.swift in Sources */,
				F75B0BC120553AF700426A42 /* ShippoController.swift in Sources */,
				F754273D2054F462002BEB45 /* SplitRowValue.swift in Sources */,
			);
			runOnlyForDeploymentPostprocessing = 0;
		};
/* End PBXSourcesBuildPhase section */

/* Begin PBXVariantGroup section */
		F754270A2054C7A4002BEB45 /* Main.storyboard */ = {
			isa = PBXVariantGroup;
			children = (
				F754270B2054C7A4002BEB45 /* Base */,
			);
			name = Main.storyboard;
			sourceTree = "<group>";
		};
		F754270F2054C7A4002BEB45 /* LaunchScreen.storyboard */ = {
			isa = PBXVariantGroup;
			children = (
				F75427102054C7A4002BEB45 /* Base */,
			);
			name = LaunchScreen.storyboard;
			sourceTree = "<group>";
		};
/* End PBXVariantGroup section */

/* Begin XCBuildConfiguration section */
		F75427132054C7A4002BEB45 /* Debug */ = {
			isa = XCBuildConfiguration;
			buildSettings = {
				ALWAYS_SEARCH_USER_PATHS = NO;
				CLANG_ANALYZER_NONNULL = YES;
				CLANG_ANALYZER_NUMBER_OBJECT_CONVERSION = YES_AGGRESSIVE;
				CLANG_CXX_LANGUAGE_STANDARD = "gnu++14";
				CLANG_CXX_LIBRARY = "libc++";
				CLANG_ENABLE_MODULES = YES;
				CLANG_ENABLE_OBJC_ARC = YES;
				CLANG_WARN_BLOCK_CAPTURE_AUTORELEASING = YES;
				CLANG_WARN_BOOL_CONVERSION = YES;
				CLANG_WARN_COMMA = YES;
				CLANG_WARN_CONSTANT_CONVERSION = YES;
				CLANG_WARN_DEPRECATED_OBJC_IMPLEMENTATIONS = YES;
				CLANG_WARN_DIRECT_OBJC_ISA_USAGE = YES_ERROR;
				CLANG_WARN_DOCUMENTATION_COMMENTS = YES;
				CLANG_WARN_EMPTY_BODY = YES;
				CLANG_WARN_ENUM_CONVERSION = YES;
				CLANG_WARN_INFINITE_RECURSION = YES;
				CLANG_WARN_INT_CONVERSION = YES;
				CLANG_WARN_NON_LITERAL_NULL_CONVERSION = YES;
				CLANG_WARN_OBJC_IMPLICIT_RETAIN_SELF = YES;
				CLANG_WARN_OBJC_LITERAL_CONVERSION = YES;
				CLANG_WARN_OBJC_ROOT_CLASS = YES_ERROR;
				CLANG_WARN_RANGE_LOOP_ANALYSIS = YES;
				CLANG_WARN_STRICT_PROTOTYPES = YES;
				CLANG_WARN_SUSPICIOUS_MOVE = YES;
				CLANG_WARN_UNGUARDED_AVAILABILITY = YES_AGGRESSIVE;
				CLANG_WARN_UNREACHABLE_CODE = YES;
				CLANG_WARN__DUPLICATE_METHOD_MATCH = YES;
				CODE_SIGN_IDENTITY = "iPhone Developer";
				COPY_PHASE_STRIP = NO;
				DEBUG_INFORMATION_FORMAT = dwarf;
				ENABLE_STRICT_OBJC_MSGSEND = YES;
				ENABLE_TESTABILITY = YES;
				GCC_C_LANGUAGE_STANDARD = gnu11;
				GCC_DYNAMIC_NO_PIC = NO;
				GCC_NO_COMMON_BLOCKS = YES;
				GCC_OPTIMIZATION_LEVEL = 0;
				GCC_PREPROCESSOR_DEFINITIONS = (
					"DEBUG=1",
					"$(inherited)",
				);
				GCC_WARN_64_TO_32_BIT_CONVERSION = YES;
				GCC_WARN_ABOUT_RETURN_TYPE = YES_ERROR;
				GCC_WARN_UNDECLARED_SELECTOR = YES;
				GCC_WARN_UNINITIALIZED_AUTOS = YES_AGGRESSIVE;
				GCC_WARN_UNUSED_FUNCTION = YES;
				GCC_WARN_UNUSED_VARIABLE = YES;
				IPHONEOS_DEPLOYMENT_TARGET = 11.2;
				MTL_ENABLE_DEBUG_INFO = YES;
				ONLY_ACTIVE_ARCH = YES;
				SDKROOT = iphoneos;
				SWIFT_ACTIVE_COMPILATION_CONDITIONS = DEBUG;
				SWIFT_OPTIMIZATION_LEVEL = "-Onone";
			};
			name = Debug;
		};
		F75427142054C7A4002BEB45 /* Release */ = {
			isa = XCBuildConfiguration;
			buildSettings = {
				ALWAYS_SEARCH_USER_PATHS = NO;
				CLANG_ANALYZER_NONNULL = YES;
				CLANG_ANALYZER_NUMBER_OBJECT_CONVERSION = YES_AGGRESSIVE;
				CLANG_CXX_LANGUAGE_STANDARD = "gnu++14";
				CLANG_CXX_LIBRARY = "libc++";
				CLANG_ENABLE_MODULES = YES;
				CLANG_ENABLE_OBJC_ARC = YES;
				CLANG_WARN_BLOCK_CAPTURE_AUTORELEASING = YES;
				CLANG_WARN_BOOL_CONVERSION = YES;
				CLANG_WARN_COMMA = YES;
				CLANG_WARN_CONSTANT_CONVERSION = YES;
				CLANG_WARN_DEPRECATED_OBJC_IMPLEMENTATIONS = YES;
				CLANG_WARN_DIRECT_OBJC_ISA_USAGE = YES_ERROR;
				CLANG_WARN_DOCUMENTATION_COMMENTS = YES;
				CLANG_WARN_EMPTY_BODY = YES;
				CLANG_WARN_ENUM_CONVERSION = YES;
				CLANG_WARN_INFINITE_RECURSION = YES;
				CLANG_WARN_INT_CONVERSION = YES;
				CLANG_WARN_NON_LITERAL_NULL_CONVERSION = YES;
				CLANG_WARN_OBJC_IMPLICIT_RETAIN_SELF = YES;
				CLANG_WARN_OBJC_LITERAL_CONVERSION = YES;
				CLANG_WARN_OBJC_ROOT_CLASS = YES_ERROR;
				CLANG_WARN_RANGE_LOOP_ANALYSIS = YES;
				CLANG_WARN_STRICT_PROTOTYPES = YES;
				CLANG_WARN_SUSPICIOUS_MOVE = YES;
				CLANG_WARN_UNGUARDED_AVAILABILITY = YES_AGGRESSIVE;
				CLANG_WARN_UNREACHABLE_CODE = YES;
				CLANG_WARN__DUPLICATE_METHOD_MATCH = YES;
				CODE_SIGN_IDENTITY = "iPhone Developer";
				COPY_PHASE_STRIP = NO;
				DEBUG_INFORMATION_FORMAT = "dwarf-with-dsym";
				ENABLE_NS_ASSERTIONS = NO;
				ENABLE_STRICT_OBJC_MSGSEND = YES;
				GCC_C_LANGUAGE_STANDARD = gnu11;
				GCC_NO_COMMON_BLOCKS = YES;
				GCC_WARN_64_TO_32_BIT_CONVERSION = YES;
				GCC_WARN_ABOUT_RETURN_TYPE = YES_ERROR;
				GCC_WARN_UNDECLARED_SELECTOR = YES;
				GCC_WARN_UNINITIALIZED_AUTOS = YES_AGGRESSIVE;
				GCC_WARN_UNUSED_FUNCTION = YES;
				GCC_WARN_UNUSED_VARIABLE = YES;
				IPHONEOS_DEPLOYMENT_TARGET = 11.2;
				MTL_ENABLE_DEBUG_INFO = NO;
				SDKROOT = iphoneos;
				SWIFT_OPTIMIZATION_LEVEL = "-Owholemodule";
				VALIDATE_PRODUCT = YES;
			};
			name = Release;
		};
		F75427162054C7A4002BEB45 /* Debug */ = {
			isa = XCBuildConfiguration;
			baseConfigurationReference = A78103F08F27F08F3821E7D7 /* Pods-PCybernetics.debug.xcconfig */;
			buildSettings = {
				ASSETCATALOG_COMPILER_APPICON_NAME = AppIcon;
				CODE_SIGN_STYLE = Automatic;
				DEVELOPMENT_TEAM = 8BE777GSFM;
				INFOPLIST_FILE = "$(SRCROOT)/PCybernetics/Assets/Info.plist";
				LD_RUNPATH_SEARCH_PATHS = "$(inherited) @executable_path/Frameworks";
				PRODUCT_BUNDLE_IDENTIFIER = com.danismithproductions.PCybernetics;
				PRODUCT_NAME = "$(TARGET_NAME)";
				SWIFT_VERSION = 4.0;
				TARGETED_DEVICE_FAMILY = "1,2";
			};
			name = Debug;
		};
		F75427172054C7A4002BEB45 /* Release */ = {
			isa = XCBuildConfiguration;
			baseConfigurationReference = CFFCFDC8C7661C8AC9435F52 /* Pods-PCybernetics.release.xcconfig */;
			buildSettings = {
				ASSETCATALOG_COMPILER_APPICON_NAME = AppIcon;
				CODE_SIGN_STYLE = Automatic;
				DEVELOPMENT_TEAM = 8BE777GSFM;
				INFOPLIST_FILE = "$(SRCROOT)/PCybernetics/Assets/Info.plist";
				LD_RUNPATH_SEARCH_PATHS = "$(inherited) @executable_path/Frameworks";
				PRODUCT_BUNDLE_IDENTIFIER = com.danismithproductions.PCybernetics;
				PRODUCT_NAME = "$(TARGET_NAME)";
				SWIFT_VERSION = 4.0;
				TARGETED_DEVICE_FAMILY = "1,2";
			};
			name = Release;
		};
/* End XCBuildConfiguration section */

/* Begin XCConfigurationList section */
		F75426FC2054C7A3002BEB45 /* Build configuration list for PBXProject "PCybernetics" */ = {
			isa = XCConfigurationList;
			buildConfigurations = (
				F75427132054C7A4002BEB45 /* Debug */,
				F75427142054C7A4002BEB45 /* Release */,
			);
			defaultConfigurationIsVisible = 0;
			defaultConfigurationName = Release;
		};
		F75427152054C7A4002BEB45 /* Build configuration list for PBXNativeTarget "PCybernetics" */ = {
			isa = XCConfigurationList;
			buildConfigurations = (
				F75427162054C7A4002BEB45 /* Debug */,
				F75427172054C7A4002BEB45 /* Release */,
			);
			defaultConfigurationIsVisible = 0;
			defaultConfigurationName = Release;
		};
/* End XCConfigurationList section */
	};
	rootObject = F75426F92054C7A3002BEB45 /* Project object */;
}
